
Microsoft Visual Studio Solution File, Format Version 12.00
# Visual Studio Version 17
VisualStudioVersion = 17.14.36221.1 d17.14
MinimumVisualStudioVersion = 10.0.40219.1
Project("{FAE04EC0-301F-11D3-BF4B-00C04F79EFBC}") = "Matchfinder", "Matchfinder\Matchfinder.csproj", "{49C9CE47-6B7D-4C1E-B3C9-46E2A08D15EA}"
EndProject
Global
	GlobalSection(SolutionConfigurationPlatforms) = preSolution
		Debug|Any CPU = Debug|Any CPU
		Release|Any CPU = Release|Any CPU
	EndGlobalSection
	GlobalSection(ProjectConfigurationPlatforms) = postSolution
		{49C9CE47-6B7D-4C1E-B3C9-46E2A08D15EA}.Debug|Any CPU.ActiveCfg = Debug|Any CPU
		{49C9CE47-6B7D-4C1E-B3C9-46E2A08D15EA}.Debug|Any CPU.Build.0 = Debug|Any CPU
		{49C9CE47-6B7D-4C1E-B3C9-46E2A08D15EA}.Release|Any CPU.ActiveCfg = Release|Any CPU
		{49C9CE47-6B7D-4C1E-B3C9-46E2A08D15EA}.Release|Any CPU.Build.0 = Release|Any CPU
	EndGlobalSection
	GlobalSection(SolutionProperties) = preSolution
		HideSolutionNode = FALSE
	EndGlobalSection
	GlobalSection(ExtensibilityGlobals) = postSolution
		SolutionGuid = {B38FA5E2-7E3B-4112-B82A-1B38C8EFCA76}
	EndGlobalSection
EndGlobal
